// !$*UTF8*$!
{
	archiveVersion = 1;
	classes = {
	};
	objectVersion = 46;
	objects = {

/* Begin PBXBuildFile section */
		A9D951D91AA23B3B007E5E9F /* AppDelegate.swift in Sources */ = {isa = PBXBuildFile; fileRef = A9D951D81AA23B3B007E5E9F /* AppDelegate.swift */; };
		A9D951DB1AA23B3B007E5E9F /* ViewController.swift in Sources */ = {isa = PBXBuildFile; fileRef = A9D951DA1AA23B3B007E5E9F /* ViewController.swift */; };
		A9D951DE1AA23B3B007E5E9F /* Main.storyboard in Resources */ = {isa = PBXBuildFile; fileRef = A9D951DC1AA23B3B007E5E9F /* Main.storyboard */; };
		A9D951E01AA23B3C007E5E9F /* Images.xcassets in Resources */ = {isa = PBXBuildFile; fileRef = A9D951DF1AA23B3C007E5E9F /* Images.xcassets */; };
		A9D951E31AA23B3C007E5E9F /* LaunchScreen.xib in Resources */ = {isa = PBXBuildFile; fileRef = A9D951E11AA23B3C007E5E9F /* LaunchScreen.xib */; };
		A9D951EF1AA23B3C007E5E9F /* Times_TablesTests.swift in Sources */ = {isa = PBXBuildFile; fileRef = A9D951EE1AA23B3C007E5E9F /* Times_TablesTests.swift */; };
/* End PBXBuildFile section */

/* Begin PBXContainerItemProxy section */
		A9D951E91AA23B3C007E5E9F /* PBXContainerItemProxy */ = {
			isa = PBXContainerItemProxy;
			containerPortal = A9D951CB1AA23B3B007E5E9F /* Project object */;
			proxyType = 1;
			remoteGlobalIDString = A9D951D21AA23B3B007E5E9F;
			remoteInfo = "Times Tables";
		};
/* End PBXContainerItemProxy section */

/* Begin PBXFileReference section */
		A9D951D31AA23B3B007E5E9F /* Times Tables.app */ = {isa = PBXFileReference; explicitFileType = wrapper.application; includeInIndex = 0; path = "Times Tables.app"; sourceTree = BUILT_PRODUCTS_DIR; };
		A9D951D71AA23B3B007E5E9F /* Info.plist */ = {isa = PBXFileReference; lastKnownFileType = text.plist.xml; path = Info.plist; sourceTree = "<group>"; };
		A9D951D81AA23B3B007E5E9F /* AppDelegate.swift */ = {isa = PBXFileReference; lastKnownFileType = sourcecode.swift; path = AppDelegate.swift; sourceTree = "<group>"; };
		A9D951DA1AA23B3B007E5E9F /* ViewController.swift */ = {isa = PBXFileReference; lastKnownFileType = sourcecode.swift; path = ViewController.swift; sourceTree = "<group>"; };
		A9D951DD1AA23B3B007E5E9F /* Base */ = {isa = PBXFileReference; lastKnownFileType = file.storyboard; name = Base; path = Base.lproj/Main.storyboard; sourceTree = "<group>"; };
		A9D951DF1AA23B3C007E5E9F /* Images.xcassets */ = {isa = PBXFileReference; lastKnownFileType = folder.assetcatalog; path = Images.xcassets; sourceTree = "<group>"; };
		A9D951E21AA23B3C007E5E9F /* Base */ = {isa = PBXFileReference; lastKnownFileType = file.xib; name = Base; path = Base.lproj/LaunchScreen.xib; sourceTree = "<group>"; };
		A9D951E81AA23B3C007E5E9F /* Times TablesTests.xctest */ = {isa = PBXFileReference; explicitFileType = wrapper.cfbundle; includeInIndex = 0; path = "Times TablesTests.xctest"; sourceTree = BUILT_PRODUCTS_DIR; };
		A9D951ED1AA23B3C007E5E9F /* Info.plist */ = {isa = PBXFileReference; lastKnownFileType = text.plist.xml; path = Info.plist; sourceTree = "<group>"; };
		A9D951EE1AA23B3C007E5E9F /* Times_TablesTests.swift */ = {isa = PBXFileReference; lastKnownFileType = sourcecode.swift; path = Times_TablesTests.swift; sourceTree = "<group>"; };
/* End PBXFileReference section */

/* Begin PBXFrameworksBuildPhase section */
		A9D951D01AA23B3B007E5E9F /* Frameworks */ = {
			isa = PBXFrameworksBuildPhase;
			buildActionMask = 2147483647;
			files = (
			);
			runOnlyForDeploymentPostprocessing = 0;
		};
		A9D951E51AA23B3C007E5E9F /* Frameworks */ = {
			isa = PBXFrameworksBuildPhase;
			buildActionMask = 2147483647;
			files = (
			);
			runOnlyForDeploymentPostprocessing = 0;
		};
/* End PBXFrameworksBuildPhase section */

/* Begin PBXGroup section */
		A9D951CA1AA23B3B007E5E9F = {
			isa = PBXGroup;
			children = (
				A9D951D51AA23B3B007E5E9F /* Times Tables */,
				A9D951EB1AA23B3C007E5E9F /* Times TablesTests */,
				A9D951D41AA23B3B007E5E9F /* Products */,
			);
			sourceTree = "<group>";
		};
		A9D951D41AA23B3B007E5E9F /* Products */ = {
			isa = PBXGroup;
			children = (
				A9D951D31AA23B3B007E5E9F /* Times Tables.app */,
				A9D951E81AA23B3C007E5E9F /* Times TablesTests.xctest */,
			);
			name = Products;
			sourceTree = "<group>";
		};
		A9D951D51AA23B3B007E5E9F /* Times Tables */ = {
			isa = PBXGroup;
			children = (
				A9D951D81AA23B3B007E5E9F /* AppDelegate.swift */,
				A9D951DA1AA23B3B007E5E9F /* ViewController.swift */,
				A9D951DC1AA23B3B007E5E9F /* Main.storyboard */,
				A9D951DF1AA23B3C007E5E9F /* Images.xcassets */,
				A9D951E11AA23B3C007E5E9F /* LaunchScreen.xib */,
				A9D951D61AA23B3B007E5E9F /* Supporting Files */,
			);
			path = "Times Tables";
			sourceTree = "<group>";
		};
		A9D951D61AA23B3B007E5E9F /* Supporting Files */ = {
			isa = PBXGroup;
			children = (
				A9D951D71AA23B3B007E5E9F /* Info.plist */,
			);
			name = "Supporting Files";
			sourceTree = "<group>";
		};
		A9D951EB1AA23B3C007E5E9F /* Times TablesTests */ = {
			isa = PBXGroup;
			children = (
				A9D951EE1AA23B3C007E5E9F /* Times_TablesTests.swift */,
				A9D951EC1AA23B3C007E5E9F /* Supporting Files */,
			);
			path = "Times TablesTests";
			sourceTree = "<group>";
		};
		A9D951EC1AA23B3C007E5E9F /* Supporting Files */ = {
			isa = PBXGroup;
			children = (
				A9D951ED1AA23B3C007E5E9F /* Info.plist */,
			);
			name = "Supporting Files";
			sourceTree = "<group>";
		};
/* End PBXGroup section */

/* Begin PBXNativeTarget section */
		A9D951D21AA23B3B007E5E9F /* Times Tables */ = {
			isa = PBXNativeTarget;
			buildConfigurationList = A9D951F21AA23B3C007E5E9F /* Build configuration list for PBXNativeTarget "Times Tables" */;
			buildPhases = (
				A9D951CF1AA23B3B007E5E9F /* Sources */,
				A9D951D01AA23B3B007E5E9F /* Frameworks */,
				A9D951D11AA23B3B007E5E9F /* Resources */,
			);
			buildRules = (
			);
			dependencies = (
			);
			name = "Times Tables";
			productName = "Times Tables";
			productReference = A9D951D31AA23B3B007E5E9F /* Times Tables.app */;
			productType = "com.apple.product-type.application";
		};
		A9D951E71AA23B3C007E5E9F /* Times TablesTests */ = {
			isa = PBXNativeTarget;
			buildConfigurationList = A9D951F51AA23B3C007E5E9F /* Build configuration list for PBXNativeTarget "Times TablesTests" */;
			buildPhases = (
				A9D951E41AA23B3C007E5E9F /* Sources */,
				A9D951E51AA23B3C007E5E9F /* Frameworks */,
				A9D951E61AA23B3C007E5E9F /* Resources */,
			);
			buildRules = (
			);
			dependencies = (
				A9D951EA1AA23B3C007E5E9F /* PBXTargetDependency */,
			);
			name = "Times TablesTests";
			productName = "Times TablesTests";
			productReference = A9D951E81AA23B3C007E5E9F /* Times TablesTests.xctest */;
			productType = "com.apple.product-type.bundle.unit-test";
		};
/* End PBXNativeTarget section */

/* Begin PBXProject section */
		A9D951CB1AA23B3B007E5E9F /* Project object */ = {
			isa = PBXProject;
			attributes = {
				LastUpgradeCheck = 0610;
				ORGANIZATIONNAME = HoodsDream;
				TargetAttributes = {
					A9D951D21AA23B3B007E5E9F = {
						CreatedOnToolsVersion = 6.1.1;
					};
					A9D951E71AA23B3C007E5E9F = {
						CreatedOnToolsVersion = 6.1.1;
						TestTargetID = A9D951D21AA23B3B007E5E9F;
					};
				};
			};
			buildConfigurationList = A9D951CE1AA23B3B007E5E9F /* Build configuration list for PBXProject "Times Tables" */;
			compatibilityVersion = "Xcode 3.2";
			developmentRegion = English;
			hasScannedForEncodings = 0;
			knownRegions = (
				en,
				Base,
			);
			mainGroup = A9D951CA1AA23B3B007E5E9F;
			productRefGroup = A9D951D41AA23B3B007E5E9F /* Products */;
			projectDirPath = "";
			projectRoot = "";
			targets = (
				A9D951D21AA23B3B007E5E9F /* Times Tables */,
				A9D951E71AA23B3C007E5E9F /* Times TablesTests */,
			);
		};
/* End PBXProject section */

/* Begin PBXResourcesBuildPhase section */
		A9D951D11AA23B3B007E5E9F /* Resources */ = {
			isa = PBXResourcesBuildPhase;
			buildActionMask = 2147483647;
			files = (
				A9D951DE1AA23B3B007E5E9F /* Main.storyboard in Resources */,
				A9D951E31AA23B3C007E5E9F /* LaunchScreen.xib in Resources */,
				A9D951E01AA23B3C007E5E9F /* Images.xcassets in Resources */,
			);
			runOnlyForDeploymentPostprocessing = 0;
		};
		A9D951E61AA23B3C007E5E9F /* Resources */ = {
			isa = PBXResourcesBuildPhase;
			buildActionMask = 2147483647;
			files = (
			);
			runOnlyForDeploymentPostprocessing = 0;
		};
/* End PBXResourcesBuildPhase section */

/* Begin PBXSourcesBuildPhase section */
		A9D951CF1AA23B3B007E5E9F /* Sources */ = {
			isa = PBXSourcesBuildPhase;
			buildActionMask = 2147483647;
			files = (
				A9D951DB1AA23B3B007E5E9F /* ViewController.swift in Sources */,
				A9D951D91AA23B3B007E5E9F /* AppDelegate.swift in Sources */,
			);
			runOnlyForDeploymentPostprocessing = 0;
		};
		A9D951E41AA23B3C007E5E9F /* Sources */ = {
			isa = PBXSourcesBuildPhase;
			buildActionMask = 2147483647;
			files = (
				A9D951EF1AA23B3C007E5E9F /* Times_TablesTests.swift in Sources */,
			);
			runOnlyForDeploymentPostprocessing = 0;
		};
/* End PBXSourcesBuildPhase section */

/* Begin PBXTargetDependency section */
		A9D951EA1AA23B3C007E5E9F /* PBXTargetDependency */ = {
			isa = PBXTargetDependency;
			target = A9D951D21AA23B3B007E5E9F /* Times Tables */;
			targetProxy = A9D951E91AA23B3C007E5E9F /* PBXContainerItemProxy */;
		};
/* End PBXTargetDependency section */

/* Begin PBXVariantGroup section */
		A9D951DC1AA23B3B007E5E9F /* Main.storyboard */ = {
			isa = PBXVariantGroup;
			children = (
				A9D951DD1AA23B3B007E5E9F /* Base */,
			);
			name = Main.storyboard;
			sourceTree = "<group>";
		};
		A9D951E11AA23B3C007E5E9F /* LaunchScreen.xib */ = {
			isa = PBXVariantGroup;
			children = (
				A9D951E21AA23B3C007E5E9F /* Base */,
			);
			name = LaunchScreen.xib;
			sourceTree = "<group>";
		};
/* End PBXVariantGroup section */

/* Begin XCBuildConfiguration section */
		A9D951F01AA23B3C007E5E9F /* Debug */ = {
			isa = XCBuildConfiguration;
			buildSettings = {
				ALWAYS_SEARCH_USER_PATHS = NO;
				CLANG_CXX_LANGUAGE_STANDARD = "gnu++0x";
				CLANG_CXX_LIBRARY = "libc++";
				CLANG_ENABLE_MODULES = YES;
				CLANG_ENABLE_OBJC_ARC = YES;
				CLANG_WARN_BOOL_CONVERSION = YES;
				CLANG_WARN_CONSTANT_CONVERSION = YES;
				CLANG_WARN_DIRECT_OBJC_ISA_USAGE = YES_ERROR;
				CLANG_WARN_EMPTY_BODY = YES;
				CLANG_WARN_ENUM_CONVERSION = YES;
				CLANG_WARN_INT_CONVERSION = YES;
				CLANG_WARN_OBJC_ROOT_CLASS = YES_ERROR;
				CLANG_WARN_UNREACHABLE_CODE = YES;
				CLANG_WARN__DUPLICATE_METHOD_MATCH = YES;
				"CODE_SIGN_IDENTITY[sdk=iphoneos*]" = "iPhone Developer";
				COPY_PHASE_STRIP = NO;
				ENABLE_STRICT_OBJC_MSGSEND = YES;
				GCC_C_LANGUAGE_STANDARD = gnu99;
				GCC_DYNAMIC_NO_PIC = NO;
				GCC_OPTIMIZATION_LEVEL = 0;
				GCC_PREPROCESSOR_DEFINITIONS = (
					"DEBUG=1",
					"$(inherited)",
				);
				GCC_SYMBOLS_PRIVATE_EXTERN = NO;
				GCC_WARN_64_TO_32_BIT_CONVERSION = YES;
				GCC_WARN_ABOUT_RETURN_TYPE = YES_ERROR;
				GCC_WARN_UNDECLARED_SELECTOR = YES;
				GCC_WARN_UNINITIALIZED_AUTOS = YES_AGGRESSIVE;
				GCC_WARN_UNUSED_FUNCTION = YES;
				GCC_WARN_UNUSED_VARIABLE = YES;
				IPHONEOS_DEPLOYMENT_TARGET = 8.1;
				MTL_ENABLE_DEBUG_INFO = YES;
				ONLY_ACTIVE_ARCH = YES;
				SDKROOT = iphoneos;
				SWIFT_OPTIMIZATION_LEVEL = "-Onone";
			};
			name = Debug;
		};
		A9D951F11AA23B3C007E5E9F /* Release */ = {
			isa = XCBuildConfiguration;
			buildSettings = {
				ALWAYS_SEARCH_USER_PATHS = NO;
				CLANG_CXX_LANGUAGE_STANDARD = "gnu++0x";
				CLANG_CXX_LIBRARY = "libc++";
				CLANG_ENABLE_MODULES = YES;
				CLANG_ENABLE_OBJC_ARC = YES;
				CLANG_WARN_BOOL_CONVERSION = YES;
				CLANG_WARN_CONSTANT_CONVERSION = YES;
				CLANG_WARN_DIRECT_OBJC_ISA_USAGE = YES_ERROR;
				CLANG_WARN_EMPTY_BODY = YES;
				CLANG_WARN_ENUM_CONVERSION = YES;
				CLANG_WARN_INT_CONVERSION = YES;
				CLANG_WARN_OBJC_ROOT_CLASS = YES_ERROR;
				CLANG_WARN_UNREACHABLE_CODE = YES;
				CLANG_WARN__DUPLICATE_METHOD_MATCH = YES;
				"CODE_SIGN_IDENTITY[sdk=iphoneos*]" = "iPhone Developer";
				COPY_PHASE_STRIP = YES;
				ENABLE_NS_ASSERTIONS = NO;
				ENABLE_STRICT_OBJC_MSGSEND = YES;
				GCC_C_LANGUAGE_STANDARD = gnu99;
				GCC_WARN_64_TO_32_BIT_CONVERSION = YES;
				GCC_WARN_ABOUT_RETURN_TYPE = YES_ERROR;
				GCC_WARN_UNDECLARED_SELECTOR = YES;
				GCC_WARN_UNINITIALIZED_AUTOS = YES_AGGRESSIVE;
				GCC_WARN_UNUSED_FUNCTION = YES;
				GCC_WARN_UNUSED_VARIABLE = YES;
				IPHONEOS_DEPLOYMENT_TARGET = 8.1;
				MTL_ENABLE_DEBUG_INFO = NO;
				SDKROOT = iphoneos;
				VALIDATE_PRODUCT = YES;
			};
			name = Release;
		};
		A9D951F31AA23B3C007E5E9F /* Debug */ = {
			isa = XCBuildConfiguration;
			buildSettings = {
				ASSETCATALOG_COMPILER_APPICON_NAME = AppIcon;
				INFOPLIST_FILE = "Times Tables/Info.plist";
				LD_RUNPATH_SEARCH_PATHS = "$(inherited) @executable_path/Frameworks";
				PRODUCT_NAME = "$(TARGET_NAME)";
			};
			name = Debug;
		};
		A9D951F41AA23B3C007E5E9F /* Release */ = {
			isa = XCBuildConfiguration;
			buildSettings = {
				ASSETCATALOG_COMPILER_APPICON_NAME = AppIcon;
				INFOPLIST_FILE = "Times Tables/Info.plist";
				LD_RUNPATH_SEARCH_PATHS = "$(inherited) @executable_path/Frameworks";
				PRODUCT_NAME = "$(TARGET_NAME)";
			};
			name = Release;
		};
		A9D951F61AA23B3C007E5E9F /* Debug */ = {
			isa = XCBuildConfiguration;
			buildSettings = {
				BUNDLE_LOADER = "$(TEST_HOST)";
				FRAMEWORK_SEARCH_PATHS = (
					"$(SDKROOT)/Developer/Library/Frameworks",
					"$(inherited)",
				);
				GCC_PREPROCESSOR_DEFINITIONS = (
					"DEBUG=1",
					"$(inherited)",
				);
				INFOPLIST_FILE = "Times TablesTests/Info.plist";
				LD_RUNPATH_SEARCH_PATHS = "$(inherited) @executable_path/Frameworks @loader_path/Frameworks";
				PRODUCT_NAME = "$(TARGET_NAME)";
				TEST_HOST = "$(BUILT_PRODUCTS_DIR)/Times Tables.app/Times Tables";
			};
			name = Debug;
		};
		A9D951F71AA23B3C007E5E9F /* Release */ = {
			isa = XCBuildConfiguration;
			buildSettings = {
				BUNDLE_LOADER = "$(TEST_HOST)";
				FRAMEWORK_SEARCH_PATHS = (
					"$(SDKROOT)/Developer/Library/Frameworks",
					"$(inherited)",
				);
				INFOPLIST_FILE = "Times TablesTests/Info.plist";
				LD_RUNPATH_SEARCH_PATHS = "$(inherited) @executable_path/Frameworks @loader_path/Frameworks";
				PRODUCT_NAME = "$(TARGET_NAME)";
				TEST_HOST = "$(BUILT_PRODUCTS_DIR)/Times Tables.app/Times Tables";
			};
			name = Release;
		};
/* End XCBuildConfiguration section */

/* Begin XCConfigurationList section */
		A9D951CE1AA23B3B007E5E9F /* Build configuration list for PBXProject "Times Tables" */ = {
			isa = XCConfigurationList;
			buildConfigurations = (
				A9D951F01AA23B3C007E5E9F /* Debug */,
				A9D951F11AA23B3C007E5E9F /* Release */,
			);
			defaultConfigurationIsVisible = 0;
			defaultConfigurationName = Release;
		};
		A9D951F21AA23B3C007E5E9F /* Build configuration list for PBXNativeTarget "Times Tables" */ = {
			isa = XCConfigurationList;
			buildConfigurations = (
				A9D951F31AA23B3C007E5E9F /* Debug */,
				A9D951F41AA23B3C007E5E9F /* Release */,
			);
			defaultConfigurationIsVisible = 0;
		};
		A9D951F51AA23B3C007E5E9F /* Build configuration list for PBXNativeTarget "Times TablesTests" */ = {
			isa = XCConfigurationList;
			buildConfigurations = (
				A9D951F61AA23B3C007E5E9F /* Debug */,
				A9D951F71AA23B3C007E5E9F /* Release */,
			);
			defaultConfigurationIsVisible = 0;
		};
/* End XCConfigurationList section */
	};
	rootObject = A9D951CB1AA23B3B007E5E9F /* Project object */;
}
